lockfileVersion: '9.0'

settings:
  autoInstallPeers: true
  excludeLinksFromLockfile: false

importers:

  .:
    dependencies:
      pixelmatch:
        specifier: ^6.0.0
        version: 6.0.0
      pngjs:
        specifier: ^7.0.0
        version: 7.0.0

packages:

  pixelmatch@6.0.0:
    resolution: {integrity: sha512-FYpL4XiIWakTnIqLqvt3uN4L9B3TsuHIvhLILzTiJZMJUsGvmKNeL4H3b6I99LRyerK9W4IuOXw+N28AtRgK2g==}
    hasBin: true

  pngjs@7.0.0:
    resolution: {integrity: sha512-LKWqWJRhstyYo9pGvgor/ivk2w94eSjE3RGVuzLGlr3NmD8bf7RcYGze1mNdEHRP6TRP6rMuDHk5t44hnTRyow==}
    engines: {node: '>=14.19.0'}

snapshots:

  pixelmatch@6.0.0:
    dependencies:
      pngjs: 7.0.0

  pngjs@7.0.0: {}
